# This file was autogenerated by Stack.
# You should not edit this file by hand.
# For more information, please see the documentation at:
#   https://docs.haskellstack.org/en/stable/topics/lock_files

packages:
- completed:
    hackage: Euterpea-2.0.7@sha256:fa8471fe67f0cf4cd7b54e4aa51a044923d9af03e80d019ba010656f84dde817,2683
    pantry-tree:
      sha256: 25606872854b9e81f3ecd7a378a06452a57cb268fcdc712762271cd69c8b0b22
      size: 1603
  original:
    hackage: Euterpea-2.0.7@sha256:fa8471fe67f0cf4cd7b54e4aa51a044923d9af03e80d019ba010656f84dde817,2683
- completed:
    hackage: PortMidi-0.2.0.0@sha256:0671e36ec72e95138bf396234b205864a8a6d0ee353e09e01cbfd57004c56f40,2383
    pantry-tree:
      sha256: c9936666afc390560319024c25ecb184e2518ae4d3be5ae14081231091c1f073
      size: 1818
  original:
    hackage: PortMidi-0.2.0.0@sha256:0671e36ec72e95138bf396234b205864a8a6d0ee353e09e01cbfd57004c56f40,2383
snapshots:
- completed:
    sha256: 85d2382958c178491d3fe50d770a624621f5ab456beef7d31ac7521f780c9bc7
    size: 640042
    url: https://raw.githubusercontent.com/commercialhaskell/stackage-snapshots/master/lts/21/17.yaml
  original: lts-21.17
